{
  "requires": true,
  "lockfileVersion": 1,
  "dependencies": {
    "@types/jquery": {
      "version": "3.5.5",
      "resolved": "https://registry.npmjs.org/@types/jquery/-/jquery-3.5.5.tgz",
      "integrity": "sha512-6RXU9Xzpc6vxNrS6FPPapN1SxSHgQ336WC6Jj/N8q30OiaBZ00l1GBgeP7usjVZPivSkGUfL1z/WW6TX989M+w==",
      "requires": {
        "@types/sizzle": "*"
      }
    },
    "@types/sizzle": {
      "version": "2.3.2",
      "resolved": "https://registry.npmjs.org/@types/sizzle/-/sizzle-2.3.2.tgz",
      "integrity": "sha512-7EJYyKTL7tFR8+gDbB6Wwz/arpGa0Mywk1TJbNzKzHtzbwVmY4HR9WqS5VV7dsBUKQmPNr192jHr/VpBluj/hg=="
    },
    "datatables.net": {
      "version": "1.10.23",
      "resolved": "https://registry.npmjs.org/datatables.net/-/datatables.net-1.10.23.tgz",
      "integrity": "sha512-we3tlNkzpxvgkKKlTxTMXPCt35untVXNg8zUYWpQyC1U5vJc+lT0+Zdc1ztK8d3lh5CfdnuFde2p8n3XwaGl3Q==",
      "requires": {
        "jquery": ">=1.7"
      }
    },
    "datatables.net-bs4": {
      "version": "1.10.23",
      "resolved": "https://registry.npmjs.org/datatables.net-bs4/-/datatables.net-bs4-1.10.23.tgz",
      "integrity": "sha512-ChUB8t5t5uzPnJYTPXx2DOvnlm2shz8OadXrKoFavOadB308OuwHVxSldYq9+KGedCeiVxEjNqcaV4nFSXkRsw==",
      "requires": {
        "datatables.net": "1.10.23",
        "jquery": ">=1.7"
      }
    },
    "datatables.net-dt": {
      "version": "1.10.23",
      "resolved": "https://registry.npmjs.org/datatables.net-dt/-/datatables.net-dt-1.10.23.tgz",
      "integrity": "sha512-Iky6RAKXKv/cZ4mfQRyHHGOdD1GyV9YuvGQrPCl5qqh+ENqaWphOiWVW/vqDsgDaVjvLwLfeRNMbmnf3w9sRRg==",
      "requires": {
        "datatables.net": "1.10.23",
        "jquery": ">=1.7"
      }
    },
    "jquery": {
      "version": "3.5.1",
      "resolved": "https://registry.npmjs.org/jquery/-/jquery-3.5.1.tgz",
      "integrity": "sha512-XwIBPqcMn57FxfT+Go5pzySnm4KWkT1Tv7gjrpT1srtf8Weynl6R273VJ5GjkRb51IzMp5nbaPjJXMWeju2MKg=="
    }
  }
}
